# THIS IS AN AUTOGENERATED FILE. DO NOT EDIT THIS FILE DIRECTLY.
# yarn lockfile v1


"@zen/test1@file:.zen/@zen_test1@2.5.0--aYMdF4aeqIo95LFyzoFwy4yUPDM=700d00e85ff4c91d0ac0":
  version "2.5.0"

"@zen/test2@file:.zen/@zen_test2@1.0.0--Y7A7DEgqnjwAwAeKZCBJtuKNzOM=0155daeb6e25f30ee592":
  version "1.0.0"
  dependencies:
    "@zen/test1" "file:../../../../../../../AppData/Local/Yarn/Cache/v6/npm-@zen-test2-1.0.0-e56e63b3-06b7-49bc-a15d-349681c0b14a-1705199067731/node_modules/@zen/@zen_test1@2.5.0--aYMdF4aeqIo95LFyzoFwy4yUPDM=700d00e85ff4c91d0ac0"
