# THIS IS AN AUTOGENERATED FILE. DO NOT EDIT THIS FILE DIRECTLY.
# yarn lockfile v1


"@mekstuff-rbxts/core@file:../../.zen/@mekstuff-rbxts/core@0.1.5":
  version "0.1.5"
  dependencies:
    "@mekstuff-rbxts/threader" "file:../../../../../../../../AppData/Local/Yarn/Cache/v6/npm-@mekstuff-rbxts-core-0.1.5-313d0aad-275a-430a-b391-565d9c1c6113-1757639868973/node_modules/@mekstuff-rbxts/threader@0.1.0"
    "@rbxts/iris" "^2.3.1-ts.1"

"@mekstuff-rbxts/threader@file:../../.zen/@mekstuff-rbxts/threader@0.1.0":
  version "0.1.0"

"@rbxts/iris@^2.3.1-ts.1":
  version "2.3.1-ts.1"
  resolved "https://registry.yarnpkg.com/@rbxts/iris/-/iris-2.3.1-ts.1.tgz#44f7a7317bd18466eae98125976d9d4384e0598d"
  integrity sha512-L/lja+ugKNH3ywdz5c8omXUS34L9oGKlul3yVifzTfQVJS4ryePU/hS6IdMaSbIwNda+qEOehXbSxglF9qxa/A==

"rbxts-lua-provider@file:../../.zen/rbxts-lua-provider@1.1.0":
  version "1.1.0"
