lockfileVersion: '9.0'

settings:
  autoInstallPeers: true
  excludeLinksFromLockfile: false

importers:

  .:
    dependencies:
      '@mekstuff-rbxts/core':
        specifier: file:.zen\@mekstuff-rbxts\core@0.1.5
        version: file:.zen/@mekstuff-rbxts/core@0.1.5(@rbxts/react-roblox@0.4.0)(@rbxts/react@0.4.0)(@rbxts/studiocomponents@0.1.7(@rbxts/roact-hooks@0.4.1-ts.3)(@rbxts/roact@1.4.4-ts.0))

packages:

  '@mekstuff-rbxts/core@file:.zen/@mekstuff-rbxts/core@0.1.5':
    resolution: {directory: .zen/@mekstuff-rbxts/core@0.1.5, type: directory}
    peerDependencies:
      '@rbxts/react': ^0.4.0
      '@rbxts/react-roblox': ^0.4.0
      '@rbxts/studiocomponents': ^0.1.7

  '@mekstuff-rbxts/threader@file:../../../../../../../.zen-cli/packages/@mekstuff-rbxts/threader/0.1.0':
    resolution: {directory: ../../../../../../../.zen-cli/packages/@mekstuff-rbxts/threader/0.1.0, type: directory}

  '@rbxts/react-roblox@0.4.0':
    resolution: {integrity: sha512-nse7mc7aLS78zfaXNfqeXX0vllRGnGQBKcrnl3FeDJo9+7oMKLF4mLAtrCkQ5ojZOnNKNcDPE7PKmOX7Q8QguQ==}

  '@rbxts/react-vendor@0.4.0':
    resolution: {integrity: sha512-roWs9FmR7CQDK1N6gE/36tiCBQRl8v1S0pUJD2Ly3ZMVvfjAk2gixrkqGcKFGtXQQq6r4dTAtHduAeZJBd640g==}

  '@rbxts/react@0.4.0':
    resolution: {integrity: sha512-yhqXzfH5YpwfZyiWipQMfQsI//2sC86Jqn2rMkP+l1y4CfhCvoYxpaI5qS7Xum9F+DsBHiwJNeUxm2V2LzXW0A==}

  '@rbxts/roact-hooks@0.4.1-ts.3':
    resolution: {integrity: sha512-+8A42hDsSwZNnXDe1XIRpJhjSpxFvkBa8nB5QM1zuL2q5G6h6SGp7augY6vp6euze/gH4/Laho07PUM8bz0RKQ==}

  '@rbxts/roact@1.4.4-ts.0':
    resolution: {integrity: sha512-gn9mBoGG/Clzgv2kyOvLNVd9dh5t6z+jukC3ITv2HnfPqvf/sMbz/VMaBoiB7t5umuiIe0LjW0ctZrkrS+uTOA==}

  '@rbxts/studiocomponents@0.1.7':
    resolution: {integrity: sha512-K7mGaBSEASZ3qZ7giDLE2C15duVztPJ8V10cxIpJdgFp+nxxAIVRrdOVJrNIpik87JJQqePMQxK1/qcOw4feqw==}
    peerDependencies:
      '@rbxts/roact': ^1.4.4-ts.0
      '@rbxts/roact-hooks': ^0.4.1-ts.3

snapshots:

  '@mekstuff-rbxts/core@file:.zen/@mekstuff-rbxts/core@0.1.5(@rbxts/react-roblox@0.4.0)(@rbxts/react@0.4.0)(@rbxts/studiocomponents@0.1.7(@rbxts/roact-hooks@0.4.1-ts.3)(@rbxts/roact@1.4.4-ts.0))':
    dependencies:
      '@mekstuff-rbxts/threader': file:../../../../../../../.zen-cli/packages/@mekstuff-rbxts/threader/0.1.0
      '@rbxts/react': 0.4.0
      '@rbxts/react-roblox': 0.4.0
      '@rbxts/studiocomponents': 0.1.7(@rbxts/roact-hooks@0.4.1-ts.3)(@rbxts/roact@1.4.4-ts.0)

  '@mekstuff-rbxts/threader@file:../../../../../../../.zen-cli/packages/@mekstuff-rbxts/threader/0.1.0': {}

  '@rbxts/react-roblox@0.4.0':
    dependencies:
      '@rbxts/react': 0.4.0
      '@rbxts/react-vendor': 0.4.0

  '@rbxts/react-vendor@0.4.0': {}

  '@rbxts/react@0.4.0':
    dependencies:
      '@rbxts/react-vendor': 0.4.0

  '@rbxts/roact-hooks@0.4.1-ts.3': {}

  '@rbxts/roact@1.4.4-ts.0': {}

  '@rbxts/studiocomponents@0.1.7(@rbxts/roact-hooks@0.4.1-ts.3)(@rbxts/roact@1.4.4-ts.0)':
    dependencies:
      '@rbxts/roact': 1.4.4-ts.0
      '@rbxts/roact-hooks': 0.4.1-ts.3
